
Microsoft Visual Studio Solution File, Format Version 12.00
# Visual Studio 15
VisualStudioVersion = 15.0.28307.572
MinimumVisualStudioVersion = 10.0.40219.1
Project("{9A19103F-16F7-4668-BE54-9A1E7A4F7556}") = "Lab3", "Laborator2\Lab3.csproj", "{8DDEFADF-E4BA-4D25-8EA7-3068ED17E688}"
EndProject
Project("{FAE04EC0-301F-11D3-BF4B-00C04F79EFBC}") = "WebApiTests", "WebApiTests\WebApiTests.csproj", "{0607E2D7-1EEA-4A62-B075-C7716FC38DA2}"
EndProject
Global
	GlobalSection(SolutionConfigurationPlatforms) = preSolution
		Debug|Any CPU = Debug|Any CPU
		Release|Any CPU = Release|Any CPU
	EndGlobalSection
	GlobalSection(ProjectConfigurationPlatforms) = postSolution
		{8DDEFADF-E4BA-4D25-8EA7-3068ED17E688}.Debug|Any CPU.ActiveCfg = Debug|Any CPU
		{8DDEFADF-E4BA-4D25-8EA7-3068ED17E688}.Debug|Any CPU.Build.0 = Debug|Any CPU
		{8DDEFADF-E4BA-4D25-8EA7-3068ED17E688}.Release|Any CPU.ActiveCfg = Release|Any CPU
		{8DDEFADF-E4BA-4D25-8EA7-3068ED17E688}.Release|Any CPU.Build.0 = Release|Any CPU
		{0607E2D7-1EEA-4A62-B075-C7716FC38DA2}.Debug|Any CPU.ActiveCfg = Debug|Any CPU
		{0607E2D7-1EEA-4A62-B075-C7716FC38DA2}.Debug|Any CPU.Build.0 = Debug|Any CPU
		{0607E2D7-1EEA-4A62-B075-C7716FC38DA2}.Release|Any CPU.ActiveCfg = Release|Any CPU
		{0607E2D7-1EEA-4A62-B075-C7716FC38DA2}.Release|Any CPU.Build.0 = Release|Any CPU
	EndGlobalSection
	GlobalSection(SolutionProperties) = preSolution
		HideSolutionNode = FALSE
	EndGlobalSection
	GlobalSection(ExtensibilityGlobals) = postSolution
		SolutionGuid = {64C6C8EF-56E8-4883-92F0-E24650615116}
	EndGlobalSection
EndGlobal
